
Microsoft Visual Studio Solution File, Format Version 12.00
# Visual Studio 15
VisualStudioVersion = 15.0.26730.12
MinimumVisualStudioVersion = 10.0.40219.1
Project("{FAE04EC0-301F-11D3-BF4B-00C04F79EFBC}") = "30DaysOfCode", "30DaysOfCode\30DaysOfCode.csproj", "{58881439-9DE5-42FB-8013-B7B353384F9F}"
EndProject
Global
	GlobalSection(SolutionConfigurationPlatforms) = preSolution
		Debug|Any CPU = Debug|Any CPU
		Release|Any CPU = Release|Any CPU
	EndGlobalSection
	GlobalSection(ProjectConfigurationPlatforms) = postSolution
		{58881439-9DE5-42FB-8013-B7B353384F9F}.Debug|Any CPU.ActiveCfg = Debug|Any CPU
		{58881439-9DE5-42FB-8013-B7B353384F9F}.Debug|Any CPU.Build.0 = Debug|Any CPU
		{58881439-9DE5-42FB-8013-B7B353384F9F}.Release|Any CPU.ActiveCfg = Release|Any CPU
		{58881439-9DE5-42FB-8013-B7B353384F9F}.Release|Any CPU.Build.0 = Release|Any CPU
	EndGlobalSection
	GlobalSection(SolutionProperties) = preSolution
		HideSolutionNode = FALSE
	EndGlobalSection
	GlobalSection(ExtensibilityGlobals) = postSolution
		SolutionGuid = {769B5E7F-8E6E-4C3B-A217-F34F1B4DF26E}
	EndGlobalSection
EndGlobal
